lockfile_version: '1'
generated_at: '2026-06-30T02:50:30.341547+00:00'
apm_version: 0.23.0
dependencies:
- repo_url: anthropics/skills
  name: skills
  host: github.com
  resolved_commit: f458cee31a7577a47ba0c9a101976fa599385174
  version: f458cee
  package_type: marketplace_plugin
  deployed_files:
  - .agents/skills/algorithmic-art
  - .agents/skills/brand-guidelines
  - .agents/skills/canvas-design
  - .agents/skills/claude-api
  - .agents/skills/doc-coauthoring
  - .agents/skills/docx
  - .agents/skills/frontend-design
  - .agents/skills/internal-comms
  - .agents/skills/mcp-builder
  - .agents/skills/pdf
  - .agents/skills/pptx
  - .agents/skills/skill-creator
  - .agents/skills/slack-gif-creator
  - .agents/skills/theme-factory
  - .agents/skills/web-artifacts-builder
  - .agents/skills/webapp-testing
  - .agents/skills/xlsx
  - .claude/skills/algorithmic-art
  - .claude/skills/brand-guidelines
  - .claude/skills/canvas-design
  - .claude/skills/claude-api
  - .claude/skills/doc-coauthoring
  - .claude/skills/docx
  - .claude/skills/frontend-design
  - .claude/skills/internal-comms
  - .claude/skills/mcp-builder
  - .claude/skills/pdf
  - .claude/skills/pptx
  - .claude/skills/skill-creator
  - .claude/skills/slack-gif-creator
  - .claude/skills/theme-factory
  - .claude/skills/web-artifacts-builder
  - .claude/skills/webapp-testing
  - .claude/skills/xlsx
  content_hash: sha256:91959dd47c219df6af45ed9d3f4be4302b00041e447254fdda0c51767b24e57b
- repo_url: currents-dev/playwright-best-practices-skill
  name: playwright-best-practices-skill
  host: github.com
  resolved_commit: ef329e7e65149918e1ff0eed2cf7d2e6e6f9eb5b
  version: unknown
  package_type: claude_skill
  deployed_files:
  - .agents/skills/playwright-best-practices-skill
  - .claude/skills/playwright-best-practices-skill
  content_hash: sha256:4a2c8b6165b46914f587131006256040286185918e6ee5903ad070087cdb53bc
- repo_url: manaflow-ai/cmux
  name: cmux
  host: github.com
  resolved_commit: 39df334577a8f77291fe40f20b8403a3cde345b7
  version: unknown
  virtual_path: skills/cmux
  is_virtual: true
  package_type: claude_skill
  content_hash: sha256:aaef6c329ccf3a246474621c114e90e35a182f25a4ead925135587e5f7f01a22
- repo_url: manaflow-ai/cmux
  name: cmux
  host: github.com
  resolved_commit: 39df334577a8f77291fe40f20b8403a3cde345b7
  version: unknown
  virtual_path: skills/cmux-browser
  is_virtual: true
  package_type: claude_skill
  content_hash: sha256:aa16020e62743b6c5b3c71e523e7b9faed231b2e3c3e21b04d03bbead93c0d9e
- repo_url: manaflow-ai/cmux
  name: cmux
  host: github.com
  resolved_commit: 39df334577a8f77291fe40f20b8403a3cde345b7
  version: unknown
  virtual_path: skills/cmux-customization
  is_virtual: true
  package_type: claude_skill
  content_hash: sha256:ff2ca2e7fce755264c4dfd40cd14ec0a192145f179fdc741ed528e089bd18c17
- repo_url: manaflow-ai/cmux
  name: cmux
  host: github.com
  resolved_commit: 39df334577a8f77291fe40f20b8403a3cde345b7
  version: unknown
  virtual_path: skills/cmux-diagnostics
  is_virtual: true
  package_type: claude_skill
  content_hash: sha256:81215b4612f788f26e2e05b32954e1b021d415735553561a3c13b0edafd7e7fb
- repo_url: manaflow-ai/cmux
  name: cmux
  host: github.com
  resolved_commit: 39df334577a8f77291fe40f20b8403a3cde345b7
  version: unknown
  virtual_path: skills/cmux-keyboard-shortcuts
  is_virtual: true
  package_type: claude_skill
  content_hash: sha256:eb39e8be80571101ff2a9820d44ac4e57415ac7ee7e27f46c81bf18d97b70554
- repo_url: manaflow-ai/cmux
  name: cmux
  host: github.com
  resolved_commit: 39df334577a8f77291fe40f20b8403a3cde345b7
  version: unknown
  virtual_path: skills/cmux-markdown
  is_virtual: true
  package_type: claude_skill
  content_hash: sha256:e50204ae328a00a8a62d6a43c403bc2ee2f7e913f529e6dbcc682c3d48921818
- repo_url: manaflow-ai/cmux
  name: cmux
  host: github.com
  resolved_commit: 39df334577a8f77291fe40f20b8403a3cde345b7
  version: unknown
  virtual_path: skills/cmux-settings
  is_virtual: true
  package_type: claude_skill
  content_hash: sha256:88be6e4b5e376a9faca5ea3a2fb377bd4827bb85c1e087058dbac6fa5f940116
- repo_url: manaflow-ai/cmux
  name: cmux
  host: github.com
  resolved_commit: 39df334577a8f77291fe40f20b8403a3cde345b7
  version: unknown
  virtual_path: skills/cmux-socket-policy
  is_virtual: true
  package_type: claude_skill
  content_hash: sha256:bebf2e11fdb5c5dbbf84272257b05d2ad0df3207018989ddd26a3235ee4fcb62
- repo_url: manaflow-ai/cmux
  name: cmux
  host: github.com
  resolved_commit: 39df334577a8f77291fe40f20b8403a3cde345b7
  version: unknown
  virtual_path: skills/cmux-workspace
  is_virtual: true
  package_type: claude_skill
  content_hash: sha256:ee69bbbf783ac02f156527dd207a8ad021586a9b4ba6152e309103fd35453398
- repo_url: shadcn-ui/ui
  name: ui
  host: github.com
  resolved_commit: 731e6dd8a2c9981b5d419f7dcf5b6476a69d288c
  version: unknown
  virtual_path: skills/shadcn
  is_virtual: true
  package_type: claude_skill
  deployed_files:
  - .agents/skills/shadcn
  - .claude/skills/shadcn
  content_hash: sha256:e9d76d55c14a21546595524cdc44466d191c0da4e183298949ae881b8b6d5e24
- repo_url: vercel-labs/agent-skills
  name: agent-skills
  host: github.com
  resolved_commit: 7defe2d03c5fa8e39b63b12648c1fa10131b422a
  version: unknown
  virtual_path: skills/react-best-practices
  is_virtual: true
  package_type: claude_skill
  deployed_files:
  - .agents/skills/react-best-practices
  - .claude/skills/react-best-practices
  content_hash: sha256:74f142d28d360d78e8bac4f239a84c87f0ced9015729bc72b5458d82ff45b015
- repo_url: vercel-labs/next-skills
  name: next-skills
  host: github.com
  resolved_commit: dc1de9caf7612d73f56a8dec3cb1bd6c9ec096b9
  version: unknown
  virtual_path: skills/next-best-practices
  is_virtual: true
  package_type: claude_skill
  deployed_files:
  - .agents/skills/next-best-practices
  - .claude/skills/next-best-practices
  content_hash: sha256:4bf1b21f7a66848642c150cab284f24c004ad6da0f717eed4fe9db74eaa6b6a8
- repo_url: yoshiko-pg/difit
  name: difit
  host: github.com
  resolved_commit: 59df3692ff4aa8f96df84b98e17171fa452a0b04
  version: unknown
  virtual_path: skills/difit
  is_virtual: true
  package_type: claude_skill
  content_hash: sha256:d7183ec34bc1b776e8e54cf34efd1bf8be8b04bdb424e5efcfbb3faa5f095db7
- repo_url: yoshiko-pg/difit
  name: difit
  host: github.com
  resolved_commit: 59df3692ff4aa8f96df84b98e17171fa452a0b04
  version: unknown
  virtual_path: skills/difit-review
  is_virtual: true
  package_type: claude_skill
  content_hash: sha256:4f95a432d8a359a2c3a8d320b98c871dda13d03b8583fe202528890e767e8c30
mcp_servers:
- doist/todoist-ai
- io.github.github/github-mcp-server
mcp_configs:
  doist/todoist-ai:
    name: doist/todoist-ai
    transport: http
  io.github.github/github-mcp-server:
    name: io.github.github/github-mcp-server
    transport: http
