lockfile_version: '1'
generated_at: '2026-05-21T13:15:55.981022+00:00'
apm_version: 0.14.0
dependencies:
- repo_url: anthropics/skills
  host: github.com
  resolved_commit: f458cee31a7577a47ba0c9a101976fa599385174
  package_type: marketplace_plugin
  deployed_files:
  - .agents/skills/algorithmic-art
  - .agents/skills/brand-guidelines
  - .agents/skills/canvas-design
  - .agents/skills/claude-api
  - .agents/skills/doc-coauthoring
  - .agents/skills/docx
  - .agents/skills/frontend-design
  - .agents/skills/internal-comms
  - .agents/skills/mcp-builder
  - .agents/skills/pdf
  - .agents/skills/pptx
  - .agents/skills/skill-creator
  - .agents/skills/slack-gif-creator
  - .agents/skills/theme-factory
  - .agents/skills/web-artifacts-builder
  - .agents/skills/webapp-testing
  - .agents/skills/xlsx
  - .claude/skills/algorithmic-art
  - .claude/skills/brand-guidelines
  - .claude/skills/canvas-design
  - .claude/skills/claude-api
  - .claude/skills/doc-coauthoring
  - .claude/skills/docx
  - .claude/skills/frontend-design
  - .claude/skills/internal-comms
  - .claude/skills/mcp-builder
  - .claude/skills/pdf
  - .claude/skills/pptx
  - .claude/skills/skill-creator
  - .claude/skills/slack-gif-creator
  - .claude/skills/theme-factory
  - .claude/skills/web-artifacts-builder
  - .claude/skills/webapp-testing
  - .claude/skills/xlsx
  content_hash: sha256:91959dd47c219df6af45ed9d3f4be4302b00041e447254fdda0c51767b24e57b
- repo_url: currents-dev/playwright-best-practices-skill
  host: github.com
  resolved_commit: ef329e7e65149918e1ff0eed2cf7d2e6e6f9eb5b
  package_type: claude_skill
  deployed_files:
  - .agents/skills/playwright-best-practices-skill
  - .claude/skills/playwright-best-practices-skill
  content_hash: sha256:4a2c8b6165b46914f587131006256040286185918e6ee5903ad070087cdb53bc
- repo_url: shadcn-ui/ui
  host: github.com
  resolved_commit: 731e6dd8a2c9981b5d419f7dcf5b6476a69d288c
  virtual_path: skills/shadcn
  is_virtual: true
  package_type: claude_skill
  deployed_files:
  - .agents/skills/shadcn
  - .claude/skills/shadcn
  content_hash: sha256:e9d76d55c14a21546595524cdc44466d191c0da4e183298949ae881b8b6d5e24
- repo_url: vercel-labs/agent-skills
  host: github.com
  resolved_commit: 7defe2d03c5fa8e39b63b12648c1fa10131b422a
  virtual_path: skills/react-best-practices
  is_virtual: true
  package_type: claude_skill
  deployed_files:
  - .agents/skills/react-best-practices
  - .claude/skills/react-best-practices
  content_hash: sha256:74f142d28d360d78e8bac4f239a84c87f0ced9015729bc72b5458d82ff45b015
- repo_url: vercel-labs/next-skills
  host: github.com
  resolved_commit: dc1de9caf7612d73f56a8dec3cb1bd6c9ec096b9
  virtual_path: skills/next-best-practices
  is_virtual: true
  package_type: claude_skill
  deployed_files:
  - .agents/skills/next-best-practices
  - .claude/skills/next-best-practices
  content_hash: sha256:4bf1b21f7a66848642c150cab284f24c004ad6da0f717eed4fe9db74eaa6b6a8
mcp_servers:
- io.github.github/github-mcp-server
mcp_configs:
  io.github.github/github-mcp-server:
    name: io.github.github/github-mcp-server
    transport: http
